// !$*UTF8*$!
{
	archiveVersion = 1;
	classes = {
	};
	objectVersion = 46;
	objects = {

/* Begin PBXBuildFile section */
		8DC2EF530486A6940098B216 /* InfoPlist.strings in Resources */ = {isa = PBXBuildFile; fileRef = 089C1666FE841158C02AAC07 /* InfoPlist.strings */; };
		8DC2EF570486A6940098B216 /* Cocoa.framework in Frameworks */ = {isa = PBXBuildFile; fileRef = 1058C7B1FEA5585E11CA2CBB /* Cocoa.framework */; };
		B91F90BE10695F04005603C8 /* AGL.framework in Frameworks */ = {isa = PBXBuildFile; fileRef = B91F90BD10695F04005603C8 /* AGL.framework */; };
		B91F90C010695F04005603C8 /* ApplicationServices.framework in Frameworks */ = {isa = PBXBuildFile; fileRef = B91F90BF10695F04005603C8 /* ApplicationServices.framework */; };
		B91F90C210695F04005603C8 /* AudioToolbox.framework in Frameworks */ = {isa = PBXBuildFile; fileRef = B91F90C110695F04005603C8 /* AudioToolbox.framework */; };
		B91F90C410695F04005603C8 /* AudioUnit.framework in Frameworks */ = {isa = PBXBuildFile; fileRef = B91F90C310695F04005603C8 /* AudioUnit.framework */; };
		B91F90C610695F04005603C8 /* Carbon.framework in Frameworks */ = {isa = PBXBuildFile; fileRef = B91F90C510695F04005603C8 /* Carbon.framework */; };
		B91F90C810695F04005603C8 /* IOKit.framework in Frameworks */ = {isa = PBXBuildFile; fileRef = B91F90C710695F04005603C8 /* IOKit.framework */; };
		B91F90CA10695F04005603C8 /* OpenGL.framework in Frameworks */ = {isa = PBXBuildFile; fileRef = B91F90C910695F04005603C8 /* OpenGL.framework */; };
		B91F90CC10695F04005603C8 /* QuartzCore.framework in Frameworks */ = {isa = PBXBuildFile; fileRef = B91F90CB10695F04005603C8 /* QuartzCore.framework */; };
		B91F90CE10695F04005603C8 /* QuickTime.framework in Frameworks */ = {isa = PBXBuildFile; fileRef = B91F90CD10695F04005603C8 /* QuickTime.framework */; };
		B91F931210696E49005603C8 /* libGLEW.a in Frameworks */ = {isa = PBXBuildFile; fileRef = B91F92E610696DEE005603C8 /* libGLEW.a */; };
		B91F931310696E49005603C8 /* libSDL.a in Frameworks */ = {isa = PBXBuildFile; fileRef = B91F92E710696DEE005603C8 /* libSDL.a */; };
		B91F931410696E49005603C8 /* libSDL_ttf.a in Frameworks */ = {isa = PBXBuildFile; fileRef = B91F92E810696DEE005603C8 /* libSDL_ttf.a */; };
		B91F931510696E49005603C8 /* libSDLmain.a in Frameworks */ = {isa = PBXBuildFile; fileRef = B91F92E910696DEE005603C8 /* libSDLmain.a */; };
		B91F934A1069700E005603C8 /* QUANTAglobals.cxx in Sources */ = {isa = PBXBuildFile; fileRef = B91F93391069700E005603C8 /* QUANTAglobals.cxx */; };
		B91F934B1069700E005603C8 /* QUANTAnet_datapack_c.cxx in Sources */ = {isa = PBXBuildFile; fileRef = B91F933A1069700E005603C8 /* QUANTAnet_datapack_c.cxx */; };
		B91F934C1069700E005603C8 /* QUANTAnet_iovec_c.cxx in Sources */ = {isa = PBXBuildFile; fileRef = B91F933B1069700E005603C8 /* QUANTAnet_iovec_c.cxx */; };
		B91F934D1069700E005603C8 /* QUANTAnet_perfClient_c.cxx in Sources */ = {isa = PBXBuildFile; fileRef = B91F933C1069700E005603C8 /* QUANTAnet_perfClient_c.cxx */; };
		B91F934E1069700E005603C8 /* QUANTAnet_perfDaemon_c.cxx in Sources */ = {isa = PBXBuildFile; fileRef = B91F933D1069700E005603C8 /* QUANTAnet_perfDaemon_c.cxx */; };
		B91F934F1069700E005603C8 /* QUANTAnet_perfMonitor_c.cxx in Sources */ = {isa = PBXBuildFile; fileRef = B91F933E1069700E005603C8 /* QUANTAnet_perfMonitor_c.cxx */; };
		B91F93501069700E005603C8 /* QUANTAnet_socketbase_c.cxx in Sources */ = {isa = PBXBuildFile; fileRef = B91F933F1069700E005603C8 /* QUANTAnet_socketbase_c.cxx */; };
		B91F93511069700E005603C8 /* QUANTAnet_tcp_c.cxx in Sources */ = {isa = PBXBuildFile; fileRef = B91F93401069700E005603C8 /* QUANTAnet_tcp_c.cxx */; };
		B91F936B10697077005603C8 /* envInterface.h in Headers */ = {isa = PBXBuildFile; fileRef = B91F935410697077005603C8 /* envInterface.h */; settings = {ATTRIBUTES = (Public, ); }; };
		B91F936C10697077005603C8 /* fsClient.h in Headers */ = {isa = PBXBuildFile; fileRef = B91F935510697077005603C8 /* fsClient.h */; settings = {ATTRIBUTES = (Public, ); }; };
		B91F936D10697077005603C8 /* misc.h in Headers */ = {isa = PBXBuildFile; fileRef = B91F935610697077005603C8 /* misc.h */; settings = {ATTRIBUTES = (Public, ); }; };
		B91F936E10697077005603C8 /* sageBase.h in Headers */ = {isa = PBXBuildFile; fileRef = B91F935710697077005603C8 /* sageBase.h */; settings = {ATTRIBUTES = (Public, ); }; };
		B91F936F10697077005603C8 /* sageBlock.h in Headers */ = {isa = PBXBuildFile; fileRef = B91F935810697077005603C8 /* sageBlock.h */; settings = {ATTRIBUTES = (Public, ); }; };
		B91F937010697077005603C8 /* sageBlockPartition.h in Headers */ = {isa = PBXBuildFile; fileRef = B91F935910697077005603C8 /* sageBlockPartition.h */; settings = {ATTRIBUTES = (Public, ); }; };
		B91F937110697077005603C8 /* sageBlockPool.h in Headers */ = {isa = PBXBuildFile; fileRef = B91F935A10697077005603C8 /* sageBlockPool.h */; settings = {ATTRIBUTES = (Public, ); }; };
		B91F937210697077005603C8 /* sageBuf.h in Headers */ = {isa = PBXBuildFile; fileRef = B91F935B10697077005603C8 /* sageBuf.h */; settings = {ATTRIBUTES = (Public, ); }; };
		B91F937310697077005603C8 /* sageConfig.h in Headers */ = {isa = PBXBuildFile; fileRef = B91F935C10697077005603C8 /* sageConfig.h */; settings = {ATTRIBUTES = (Public, ); }; };
		B91F937410697077005603C8 /* sageDoubleBuf.h in Headers */ = {isa = PBXBuildFile; fileRef = B91F935D10697077005603C8 /* sageDoubleBuf.h */; settings = {ATTRIBUTES = (Public, ); }; };
		B91F937510697077005603C8 /* sageFrame.h in Headers */ = {isa = PBXBuildFile; fileRef = B91F935E10697077005603C8 /* sageFrame.h */; settings = {ATTRIBUTES = (Public, ); }; };
		B91F937610697077005603C8 /* sageRect.h in Headers */ = {isa = PBXBuildFile; fileRef = B91F935F10697077005603C8 /* sageRect.h */; settings = {ATTRIBUTES = (Public, ); }; };
		B91F937710697077005603C8 /* sageStreamer.h in Headers */ = {isa = PBXBuildFile; fileRef = B91F936010697077005603C8 /* sageStreamer.h */; settings = {ATTRIBUTES = (Public, ); }; };
		B91F937810697077005603C8 /* sageSync.h in Headers */ = {isa = PBXBuildFile; fileRef = B91F936110697077005603C8 /* sageSync.h */; settings = {ATTRIBUTES = (Public, ); }; };
		B91F937910697077005603C8 /* sageTcpModule.h in Headers */ = {isa = PBXBuildFile; fileRef = B91F936210697077005603C8 /* sageTcpModule.h */; settings = {ATTRIBUTES = (Public, ); }; };
		B91F937A10697077005603C8 /* sageUdpModule.h in Headers */ = {isa = PBXBuildFile; fileRef = B91F936310697077005603C8 /* sageUdpModule.h */; settings = {ATTRIBUTES = (Public, ); }; };
		B91F937B10697077005603C8 /* sail.h in Headers */ = {isa = PBXBuildFile; fileRef = B91F936410697077005603C8 /* sail.h */; settings = {ATTRIBUTES = (Public, ); }; };
		B91F937C10697077005603C8 /* streamInfo.h in Headers */ = {isa = PBXBuildFile; fileRef = B91F936510697077005603C8 /* streamInfo.h */; settings = {ATTRIBUTES = (Public, ); }; };
		B91F937D10697077005603C8 /* streamProtocol.h in Headers */ = {isa = PBXBuildFile; fileRef = B91F936610697077005603C8 /* streamProtocol.h */; settings = {ATTRIBUTES = (Public, ); }; };
		B91F939C106970CE005603C8 /* envInterface.cpp in Sources */ = {isa = PBXBuildFile; fileRef = B91F9382106970CE005603C8 /* envInterface.cpp */; };
		B91F939D106970CE005603C8 /* fsClient.cpp in Sources */ = {isa = PBXBuildFile; fileRef = B91F9383106970CE005603C8 /* fsClient.cpp */; };
		B91F939E106970CE005603C8 /* misc.cpp in Sources */ = {isa = PBXBuildFile; fileRef = B91F9384106970CE005603C8 /* misc.cpp */; };
		B91F939F106970CE005603C8 /* sageBlock.cpp in Sources */ = {isa = PBXBuildFile; fileRef = B91F9385106970CE005603C8 /* sageBlock.cpp */; };
		B91F93A0106970CE005603C8 /* sageBlockPartition.cpp in Sources */ = {isa = PBXBuildFile; fileRef = B91F9386106970CE005603C8 /* sageBlockPartition.cpp */; };
		B91F93A1106970CE005603C8 /* sageBlockPool.cpp in Sources */ = {isa = PBXBuildFile; fileRef = B91F9387106970CE005603C8 /* sageBlockPool.cpp */; };
		B91F93A2106970CE005603C8 /* sageBlockStreamer.cpp in Sources */ = {isa = PBXBuildFile; fileRef = B91F9388106970CE005603C8 /* sageBlockStreamer.cpp */; };
		B91F93A3106970CE005603C8 /* sageBuf.cpp in Sources */ = {isa = PBXBuildFile; fileRef = B91F9389106970CE005603C8 /* sageBuf.cpp */; };
		B91F93A4106970CE005603C8 /* sageConfig.cpp in Sources */ = {isa = PBXBuildFile; fileRef = B91F938A106970CE005603C8 /* sageConfig.cpp */; };
		B91F93A5106970CE005603C8 /* sageDoubleBuf.cpp in Sources */ = {isa = PBXBuildFile; fileRef = B91F938B106970CE005603C8 /* sageDoubleBuf.cpp */; };
		B91F93A6106970CE005603C8 /* sageFrame.cpp in Sources */ = {isa = PBXBuildFile; fileRef = B91F938C106970CE005603C8 /* sageFrame.cpp */; };
		B91F93A7106970CE005603C8 /* sageMessage.cpp in Sources */ = {isa = PBXBuildFile; fileRef = B91F938D106970CE005603C8 /* sageMessage.cpp */; };
		B91F93A8106970CE005603C8 /* sageRect.cpp in Sources */ = {isa = PBXBuildFile; fileRef = B91F938E106970CE005603C8 /* sageRect.cpp */; };
		B91F93A9106970CE005603C8 /* sageStreamer.cpp in Sources */ = {isa = PBXBuildFile; fileRef = B91F938F106970CE005603C8 /* sageStreamer.cpp */; };
		B91F93AA106970CE005603C8 /* sageSync.cpp in Sources */ = {isa = PBXBuildFile; fileRef = B91F9390106970CE005603C8 /* sageSync.cpp */; };
		B91F93AB106970CE005603C8 /* sageTcpModule.cpp in Sources */ = {isa = PBXBuildFile; fileRef = B91F9391106970CE005603C8 /* sageTcpModule.cpp */; };
		B91F93AC106970CE005603C8 /* sageUdpModule.cpp in Sources */ = {isa = PBXBuildFile; fileRef = B91F9392106970CE005603C8 /* sageUdpModule.cpp */; };
		B91F93AD106970CE005603C8 /* sail.cpp in Sources */ = {isa = PBXBuildFile; fileRef = B91F9393106970CE005603C8 /* sail.cpp */; };
		B91F93AE106970CE005603C8 /* streamInfo.cpp in Sources */ = {isa = PBXBuildFile; fileRef = B91F9394106970CE005603C8 /* streamInfo.cpp */; };
		B91F93AF106970CE005603C8 /* streamProtocol.cpp in Sources */ = {isa = PBXBuildFile; fileRef = B91F9395106970CE005603C8 /* streamProtocol.cpp */; };
/* End PBXBuildFile section */

/* Begin PBXFileReference section */
		0867D69BFE84028FC02AAC07 /* Foundation.framework */ = {isa = PBXFileReference; lastKnownFileType = wrapper.framework; name = Foundation.framework; path = /System/Library/Frameworks/Foundation.framework; sourceTree = "<absolute>"; };
		0867D6A5FE840307C02AAC07 /* AppKit.framework */ = {isa = PBXFileReference; lastKnownFileType = wrapper.framework; name = AppKit.framework; path = /System/Library/Frameworks/AppKit.framework; sourceTree = "<absolute>"; };
		089C1667FE841158C02AAC07 /* English */ = {isa = PBXFileReference; fileEncoding = 4; lastKnownFileType = text.plist.strings; name = English; path = English.lproj/InfoPlist.strings; sourceTree = "<group>"; };
		1058C7B1FEA5585E11CA2CBB /* Cocoa.framework */ = {isa = PBXFileReference; lastKnownFileType = wrapper.framework; name = Cocoa.framework; path = /System/Library/Frameworks/Cocoa.framework; sourceTree = "<absolute>"; };
		32DBCF5E0370ADEE00C91783 /* SAGE_Prefix.pch */ = {isa = PBXFileReference; fileEncoding = 4; lastKnownFileType = sourcecode.c.h; path = SAGE_Prefix.pch; sourceTree = "<group>"; };
		8DC2EF5A0486A6940098B216 /* Info.plist */ = {isa = PBXFileReference; fileEncoding = 4; lastKnownFileType = text.plist.xml; path = Info.plist; sourceTree = "<group>"; };
		8DC2EF5B0486A6940098B216 /* SAGE.framework */ = {isa = PBXFileReference; explicitFileType = wrapper.framework; includeInIndex = 0; path = SAGE.framework; sourceTree = BUILT_PRODUCTS_DIR; };
		B91F90BD10695F04005603C8 /* AGL.framework */ = {isa = PBXFileReference; lastKnownFileType = wrapper.framework; name = AGL.framework; path = /System/Library/Frameworks/AGL.framework; sourceTree = "<absolute>"; };
		B91F90BF10695F04005603C8 /* ApplicationServices.framework */ = {isa = PBXFileReference; lastKnownFileType = wrapper.framework; name = ApplicationServices.framework; path = /System/Library/Frameworks/ApplicationServices.framework; sourceTree = "<absolute>"; };
		B91F90C110695F04005603C8 /* AudioToolbox.framework */ = {isa = PBXFileReference; lastKnownFileType = wrapper.framework; name = AudioToolbox.framework; path = /System/Library/Frameworks/AudioToolbox.framework; sourceTree = "<absolute>"; };
		B91F90C310695F04005603C8 /* AudioUnit.framework */ = {isa = PBXFileReference; lastKnownFileType = wrapper.framework; name = AudioUnit.framework; path = /System/Library/Frameworks/AudioUnit.framework; sourceTree = "<absolute>"; };
		B91F90C510695F04005603C8 /* Carbon.framework */ = {isa = PBXFileReference; lastKnownFileType = wrapper.framework; name = Carbon.framework; path = /System/Library/Frameworks/Carbon.framework; sourceTree = "<absolute>"; };
		B91F90C710695F04005603C8 /* IOKit.framework */ = {isa = PBXFileReference; lastKnownFileType = wrapper.framework; name = IOKit.framework; path = /System/Library/Frameworks/IOKit.framework; sourceTree = "<absolute>"; };
		B91F90C910695F04005603C8 /* OpenGL.framework */ = {isa = PBXFileReference; lastKnownFileType = wrapper.framework; name = OpenGL.framework; path = /System/Library/Frameworks/OpenGL.framework; sourceTree = "<absolute>"; };
		B91F90CB10695F04005603C8 /* QuartzCore.framework */ = {isa = PBXFileReference; lastKnownFileType = wrapper.framework; name = QuartzCore.framework; path = /System/Library/Frameworks/QuartzCore.framework; sourceTree = "<absolute>"; };
		B91F90CD10695F04005603C8 /* QuickTime.framework */ = {isa = PBXFileReference; lastKnownFileType = wrapper.framework; name = QuickTime.framework; path = /System/Library/Frameworks/QuickTime.framework; sourceTree = "<absolute>"; };
		B91F92C010696DEE005603C8 /* glew.h */ = {isa = PBXFileReference; fileEncoding = 4; lastKnownFileType = sourcecode.c.h; path = glew.h; sourceTree = "<group>"; };
		B91F92C110696DEE005603C8 /* glxew.h */ = {isa = PBXFileReference; fileEncoding = 4; lastKnownFileType = sourcecode.c.h; path = glxew.h; sourceTree = "<group>"; };
		B91F92C210696DEE005603C8 /* wglew.h */ = {isa = PBXFileReference; fileEncoding = 4; lastKnownFileType = sourcecode.c.h; path = wglew.h; sourceTree = "<group>"; };
		B91F92C410696DEE005603C8 /* begin_code.h */ = {isa = PBXFileReference; fileEncoding = 4; lastKnownFileType = sourcecode.c.h; path = begin_code.h; sourceTree = "<group>"; };
		B91F92C510696DEE005603C8 /* close_code.h */ = {isa = PBXFileReference; fileEncoding = 4; lastKnownFileType = sourcecode.c.h; path = close_code.h; sourceTree = "<group>"; };
		B91F92C610696DEE005603C8 /* SDL.h */ = {isa = PBXFileReference; fileEncoding = 4; lastKnownFileType = sourcecode.c.h; path = SDL.h; sourceTree = "<group>"; };
		B91F92C710696DEE005603C8 /* SDL_active.h */ = {isa = PBXFileReference; fileEncoding = 4; lastKnownFileType = sourcecode.c.h; path = SDL_active.h; sourceTree = "<group>"; };
		B91F92C810696DEE005603C8 /* SDL_audio.h */ = {isa = PBXFileReference; fileEncoding = 4; lastKnownFileType = sourcecode.c.h; path = SDL_audio.h; sourceTree = "<group>"; };
		B91F92C910696DEE005603C8 /* SDL_byteorder.h */ = {isa = PBXFileReference; fileEncoding = 4; lastKnownFileType = sourcecode.c.h; path = SDL_byteorder.h; sourceTree = "<group>"; };
		B91F92CA10696DEE005603C8 /* SDL_cdrom.h */ = {isa = PBXFileReference; fileEncoding = 4; lastKnownFileType = sourcecode.c.h; path = SDL_cdrom.h; sourceTree = "<group>"; };
		B91F92CB10696DEE005603C8 /* SDL_config.h */ = {isa = PBXFileReference; fileEncoding = 4; lastKnownFileType = sourcecode.c.h; path = SDL_config.h; sourceTree = "<group>"; };
		B91F92CC10696DEE005603C8 /* SDL_cpuinfo.h */ = {isa = PBXFileReference; fileEncoding = 4; lastKnownFileType = sourcecode.c.h; path = SDL_cpuinfo.h; sourceTree = "<group>"; };
		B91F92CD10696DEE005603C8 /* SDL_endian.h */ = {isa = PBXFileReference; fileEncoding = 4; lastKnownFileType = sourcecode.c.h; path = SDL_endian.h; sourceTree = "<group>"; };
		B91F92CE10696DEE005603C8 /* SDL_error.h */ = {isa = PBXFileReference; fileEncoding = 4; lastKnownFileType = sourcecode.c.h; path = SDL_error.h; sourceTree = "<group>"; };
		B91F92CF10696DEE005603C8 /* SDL_events.h */ = {isa = PBXFileReference; fileEncoding = 4; lastKnownFileType = sourcecode.c.h; path = SDL_events.h; sourceTree = "<group>"; };
		B91F92D010696DEE005603C8 /* SDL_getenv.h */ = {isa = PBXFileReference; fileEncoding = 4; lastKnownFileType = sourcecode.c.h; path = SDL_getenv.h; sourceTree = "<group>"; };
		B91F92D110696DEE005603C8 /* SDL_joystick.h */ = {isa = PBXFileReference; fileEncoding = 4; lastKnownFileType = sourcecode.c.h; path = SDL_joystick.h; sourceTree = "<group>"; };
		B91F92D210696DEE005603C8 /* SDL_keyboard.h */ = {isa = PBXFileReference; fileEncoding = 4; lastKnownFileType = sourcecode.c.h; path = SDL_keyboard.h; sourceTree = "<group>"; };
		B91F92D310696DEE005603C8 /* SDL_keysym.h */ = {isa = PBXFileReference; fileEncoding = 4; lastKnownFileType = sourcecode.c.h; path = SDL_keysym.h; sourceTree = "<group>"; };
		B91F92D410696DEE005603C8 /* SDL_loadso.h */ = {isa = PBXFileReference; fileEncoding = 4; lastKnownFileType = sourcecode.c.h; path = SDL_loadso.h; sourceTree = "<group>"; };
		B91F92D510696DEE005603C8 /* SDL_main.h */ = {isa = PBXFileReference; fileEncoding = 4; lastKnownFileType = sourcecode.c.h; path = SDL_main.h; sourceTree = "<group>"; };
		B91F92D610696DEE005603C8 /* SDL_mouse.h */ = {isa = PBXFileReference; fileEncoding = 4; lastKnownFileType = sourcecode.c.h; path = SDL_mouse.h; sourceTree = "<group>"; };
		B91F92D710696DEE005603C8 /* SDL_mutex.h */ = {isa = PBXFileReference; fileEncoding = 4; lastKnownFileType = sourcecode.c.h; path = SDL_mutex.h; sourceTree = "<group>"; };
		B91F92D810696DEE005603C8 /* SDL_name.h */ = {isa = PBXFileReference; fileEncoding = 4; lastKnownFileType = sourcecode.c.h; path = SDL_name.h; sourceTree = "<group>"; };
		B91F92D910696DEE005603C8 /* SDL_opengl.h */ = {isa = PBXFileReference; fileEncoding = 4; lastKnownFileType = sourcecode.c.h; path = SDL_opengl.h; sourceTree = "<group>"; };
		B91F92DA10696DEE005603C8 /* SDL_platform.h */ = {isa = PBXFileReference; fileEncoding = 4; lastKnownFileType = sourcecode.c.h; path = SDL_platform.h; sourceTree = "<group>"; };
		B91F92DB10696DEE005603C8 /* SDL_quit.h */ = {isa = PBXFileReference; fileEncoding = 4; lastKnownFileType = sourcecode.c.h; path = SDL_quit.h; sourceTree = "<group>"; };
		B91F92DC10696DEE005603C8 /* SDL_rwops.h */ = {isa = PBXFileReference; fileEncoding = 4; lastKnownFileType = sourcecode.c.h; path = SDL_rwops.h; sourceTree = "<group>"; };
		B91F92DD10696DEE005603C8 /* SDL_stdinc.h */ = {isa = PBXFileReference; fileEncoding = 4; lastKnownFileType = sourcecode.c.h; path = SDL_stdinc.h; sourceTree = "<group>"; };
		B91F92DE10696DEE005603C8 /* SDL_syswm.h */ = {isa = PBXFileReference; fileEncoding = 4; lastKnownFileType = sourcecode.c.h; path = SDL_syswm.h; sourceTree = "<group>"; };
		B91F92DF10696DEE005603C8 /* SDL_thread.h */ = {isa = PBXFileReference; fileEncoding = 4; lastKnownFileType = sourcecode.c.h; path = SDL_thread.h; sourceTree = "<group>"; };
		B91F92E010696DEE005603C8 /* SDL_timer.h */ = {isa = PBXFileReference; fileEncoding = 4; lastKnownFileType = sourcecode.c.h; path = SDL_timer.h; sourceTree = "<group>"; };
		B91F92E110696DEE005603C8 /* SDL_ttf.h */ = {isa = PBXFileReference; fileEncoding = 4; lastKnownFileType = sourcecode.c.h; path = SDL_ttf.h; sourceTree = "<group>"; };
		B91F92E210696DEE005603C8 /* SDL_types.h */ = {isa = PBXFileReference; fileEncoding = 4; lastKnownFileType = sourcecode.c.h; path = SDL_types.h; sourceTree = "<group>"; };
		B91F92E310696DEE005603C8 /* SDL_version.h */ = {isa = PBXFileReference; fileEncoding = 4; lastKnownFileType = sourcecode.c.h; path = SDL_version.h; sourceTree = "<group>"; };
		B91F92E410696DEE005603C8 /* SDL_video.h */ = {isa = PBXFileReference; fileEncoding = 4; lastKnownFileType = sourcecode.c.h; path = SDL_video.h; sourceTree = "<group>"; };
		B91F92E610696DEE005603C8 /* libGLEW.a */ = {isa = PBXFileReference; lastKnownFileType = archive.ar; name = libGLEW.a; path = required/lib/libGLEW.a; sourceTree = "<group>"; };
		B91F92E710696DEE005603C8 /* libSDL.a */ = {isa = PBXFileReference; lastKnownFileType = archive.ar; name = libSDL.a; path = required/lib/libSDL.a; sourceTree = "<group>"; };
		B91F92E810696DEE005603C8 /* libSDL_ttf.a */ = {isa = PBXFileReference; lastKnownFileType = archive.ar; name = libSDL_ttf.a; path = required/lib/libSDL_ttf.a; sourceTree = "<group>"; };
		B91F92E910696DEE005603C8 /* libSDLmain.a */ = {isa = PBXFileReference; lastKnownFileType = archive.ar; name = libSDLmain.a; path = required/lib/libSDLmain.a; sourceTree = "<group>"; };
		B91F932F1069700E005603C8 /* QUANTAglobals.hxx */ = {isa = PBXFileReference; fileEncoding = 4; lastKnownFileType = sourcecode.cpp.h; path = QUANTAglobals.hxx; sourceTree = "<group>"; };
		B91F93301069700E005603C8 /* QUANTAnet_datapack_c.hxx */ = {isa = PBXFileReference; fileEncoding = 4; lastKnownFileType = sourcecode.cpp.h; path = QUANTAnet_datapack_c.hxx; sourceTree = "<group>"; };
		B91F93311069700E005603C8 /* QUANTAnet_iovec_c.hxx */ = {isa = PBXFileReference; fileEncoding = 4; lastKnownFileType = sourcecode.cpp.h; path = QUANTAnet_iovec_c.hxx; sourceTree = "<group>"; };
		B91F93321069700E005603C8 /* QUANTAnet_perfClient_c.hxx */ = {isa = PBXFileReference; fileEncoding = 4; lastKnownFileType = sourcecode.cpp.h; path = QUANTAnet_perfClient_c.hxx; sourceTree = "<group>"; };
		B91F93331069700E005603C8 /* QUANTAnet_perfDaemon_c.hxx */ = {isa = PBXFileReference; fileEncoding = 4; lastKnownFileType = sourcecode.cpp.h; path = QUANTAnet_perfDaemon_c.hxx; sourceTree = "<group>"; };
		B91F93341069700E005603C8 /* QUANTAnet_perfMonitor_c.hxx */ = {isa = PBXFileReference; fileEncoding = 4; lastKnownFileType = sourcecode.cpp.h; path = QUANTAnet_perfMonitor_c.hxx; sourceTree = "<group>"; };
		B91F93351069700E005603C8 /* QUANTAnet_socketbase_c.hxx */ = {isa = PBXFileReference; fileEncoding = 4; lastKnownFileType = sourcecode.cpp.h; path = QUANTAnet_socketbase_c.hxx; sourceTree = "<group>"; };
		B91F93361069700E005603C8 /* QUANTAnet_tcp_c.hxx */ = {isa = PBXFileReference; fileEncoding = 4; lastKnownFileType = sourcecode.cpp.h; path = QUANTAnet_tcp_c.hxx; sourceTree = "<group>"; };
		B91F93391069700E005603C8 /* QUANTAglobals.cxx */ = {isa = PBXFileReference; fileEncoding = 4; lastKnownFileType = sourcecode.cpp.cpp; path = QUANTAglobals.cxx; sourceTree = "<group>"; };
		B91F933A1069700E005603C8 /* QUANTAnet_datapack_c.cxx */ = {isa = PBXFileReference; fileEncoding = 4; lastKnownFileType = sourcecode.cpp.cpp; path = QUANTAnet_datapack_c.cxx; sourceTree = "<group>"; };
		B91F933B1069700E005603C8 /* QUANTAnet_iovec_c.cxx */ = {isa = PBXFileReference; fileEncoding = 4; lastKnownFileType = sourcecode.cpp.cpp; path = QUANTAnet_iovec_c.cxx; sourceTree = "<group>"; };
		B91F933C1069700E005603C8 /* QUANTAnet_perfClient_c.cxx */ = {isa = PBXFileReference; fileEncoding = 4; lastKnownFileType = sourcecode.cpp.cpp; path = QUANTAnet_perfClient_c.cxx; sourceTree = "<group>"; };
		B91F933D1069700E005603C8 /* QUANTAnet_perfDaemon_c.cxx */ = {isa = PBXFileReference; fileEncoding = 4; lastKnownFileType = sourcecode.cpp.cpp; path = QUANTAnet_perfDaemon_c.cxx; sourceTree = "<group>"; };
		B91F933E1069700E005603C8 /* QUANTAnet_perfMonitor_c.cxx */ = {isa = PBXFileReference; fileEncoding = 4; lastKnownFileType = sourcecode.cpp.cpp; path = QUANTAnet_perfMonitor_c.cxx; sourceTree = "<group>"; };
		B91F933F1069700E005603C8 /* QUANTAnet_socketbase_c.cxx */ = {isa = PBXFileReference; fileEncoding = 4; lastKnownFileType = sourcecode.cpp.cpp; path = QUANTAnet_socketbase_c.cxx; sourceTree = "<group>"; };
		B91F93401069700E005603C8 /* QUANTAnet_tcp_c.cxx */ = {isa = PBXFileReference; fileEncoding = 4; lastKnownFileType = sourcecode.cpp.cpp; path = QUANTAnet_tcp_c.cxx; sourceTree = "<group>"; };
		B91F935410697077005603C8 /* envInterface.h */ = {isa = PBXFileReference; fileEncoding = 4; lastKnownFileType = sourcecode.c.h; name = envInterface.h; path = ../include/envInterface.h; sourceTree = SOURCE_ROOT; };
		B91F935510697077005603C8 /* fsClient.h */ = {isa = PBXFileReference; fileEncoding = 4; lastKnownFileType = sourcecode.c.h; name = fsClient.h; path = ../include/fsClient.h; sourceTree = SOURCE_ROOT; };
		B91F935610697077005603C8 /* misc.h */ = {isa = PBXFileReference; fileEncoding = 4; lastKnownFileType = sourcecode.c.h; name = misc.h; path = ../include/misc.h; sourceTree = SOURCE_ROOT; };
		B91F935710697077005603C8 /* sageBase.h */ = {isa = PBXFileReference; fileEncoding = 4; lastKnownFileType = sourcecode.c.h; name = sageBase.h; path = ../include/sageBase.h; sourceTree = SOURCE_ROOT; };
		B91F935810697077005603C8 /* sageBlock.h */ = {isa = PBXFileReference; fileEncoding = 4; lastKnownFileType = sourcecode.c.h; name = sageBlock.h; path = ../include/sageBlock.h; sourceTree = SOURCE_ROOT; };
		B91F935910697077005603C8 /* sageBlockPartition.h */ = {isa = PBXFileReference; fileEncoding = 4; lastKnownFileType = sourcecode.c.h; name = sageBlockPartition.h; path = ../include/sageBlockPartition.h; sourceTree = SOURCE_ROOT; };
		B91F935A10697077005603C8 /* sageBlockPool.h */ = {isa = PBXFileReference; fileEncoding = 4; lastKnownFileType = sourcecode.c.h; name = sageBlockPool.h; path = ../include/sageBlockPool.h; sourceTree = SOURCE_ROOT; };
		B91F935B10697077005603C8 /* sageBuf.h */ = {isa = PBXFileReference; fileEncoding = 4; lastKnownFileType = sourcecode.c.h; name = sageBuf.h; path = ../include/sageBuf.h; sourceTree = SOURCE_ROOT; };
		B91F935C10697077005603C8 /* sageConfig.h */ = {isa = PBXFileReference; fileEncoding = 4; lastKnownFileType = sourcecode.c.h; name = sageConfig.h; path = ../include/sageConfig.h; sourceTree = SOURCE_ROOT; };
		B91F935D10697077005603C8 /* sageDoubleBuf.h */ = {isa = PBXFileReference; fileEncoding = 4; lastKnownFileType = sourcecode.c.h; name = sageDoubleBuf.h; path = ../include/sageDoubleBuf.h; sourceTree = SOURCE_ROOT; };
		B91F935E10697077005603C8 /* sageFrame.h */ = {isa = PBXFileReference; fileEncoding = 4; lastKnownFileType = sourcecode.c.h; name = sageFrame.h; path = ../include/sageFrame.h; sourceTree = SOURCE_ROOT; };
		B91F935F10697077005603C8 /* sageRect.h */ = {isa = PBXFileReference; fileEncoding = 4; lastKnownFileType = sourcecode.c.h; name = sageRect.h; path = ../include/sageRect.h; sourceTree = SOURCE_ROOT; };
		B91F936010697077005603C8 /* sageStreamer.h */ = {isa = PBXFileReference; fileEncoding = 4; lastKnownFileType = sourcecode.c.h; name = sageStreamer.h; path = ../include/sageStreamer.h; sourceTree = SOURCE_ROOT; };
		B91F936110697077005603C8 /* sageSync.h */ = {isa = PBXFileReference; fileEncoding = 4; lastKnownFileType = sourcecode.c.h; name = sageSync.h; path = ../include/sageSync.h; sourceTree = SOURCE_ROOT; };
		B91F936210697077005603C8 /* sageTcpModule.h */ = {isa = PBXFileReference; fileEncoding = 4; lastKnownFileType = sourcecode.c.h; name = sageTcpModule.h; path = ../include/sageTcpModule.h; sourceTree = SOURCE_ROOT; };
		B91F936310697077005603C8 /* sageUdpModule.h */ = {isa = PBXFileReference; fileEncoding = 4; lastKnownFileType = sourcecode.c.h; name = sageUdpModule.h; path = ../include/sageUdpModule.h; sourceTree = SOURCE_ROOT; };
		B91F936410697077005603C8 /* sail.h */ = {isa = PBXFileReference; fileEncoding = 4; lastKnownFileType = sourcecode.c.h; name = sail.h; path = ../include/sail.h; sourceTree = SOURCE_ROOT; };
		B91F936510697077005603C8 /* streamInfo.h */ = {isa = PBXFileReference; fileEncoding = 4; lastKnownFileType = sourcecode.c.h; name = streamInfo.h; path = ../include/streamInfo.h; sourceTree = SOURCE_ROOT; };
		B91F936610697077005603C8 /* streamProtocol.h */ = {isa = PBXFileReference; fileEncoding = 4; lastKnownFileType = sourcecode.c.h; name = streamProtocol.h; path = ../include/streamProtocol.h; sourceTree = SOURCE_ROOT; };
		B91F9382106970CE005603C8 /* envInterface.cpp */ = {isa = PBXFileReference; fileEncoding = 4; lastKnownFileType = sourcecode.cpp.cpp; name = envInterface.cpp; path = ../src/envInterface.cpp; sourceTree = SOURCE_ROOT; };
		B91F9383106970CE005603C8 /* fsClient.cpp */ = {isa = PBXFileReference; fileEncoding = 4; lastKnownFileType = sourcecode.cpp.cpp; name = fsClient.cpp; path = ../src/fsClient.cpp; sourceTree = SOURCE_ROOT; };
		B91F9384106970CE005603C8 /* misc.cpp */ = {isa = PBXFileReference; fileEncoding = 4; lastKnownFileType = sourcecode.cpp.cpp; name = misc.cpp; path = ../src/misc.cpp; sourceTree = SOURCE_ROOT; };
		B91F9385106970CE005603C8 /* sageBlock.cpp */ = {isa = PBXFileReference; fileEncoding = 4; lastKnownFileType = sourcecode.cpp.cpp; name = sageBlock.cpp; path = ../src/sageBlock.cpp; sourceTree = SOURCE_ROOT; };
		B91F9386106970CE005603C8 /* sageBlockPartition.cpp */ = {isa = PBXFileReference; fileEncoding = 4; lastKnownFileType = sourcecode.cpp.cpp; name = sageBlockPartition.cpp; path = ../src/sageBlockPartition.cpp; sourceTree = SOURCE_ROOT; };
		B91F9387106970CE005603C8 /* sageBlockPool.cpp */ = {isa = PBXFileReference; fileEncoding = 4; lastKnownFileType = sourcecode.cpp.cpp; name = sageBlockPool.cpp; path = ../src/sageBlockPool.cpp; sourceTree = SOURCE_ROOT; };
		B91F9388106970CE005603C8 /* sageBlockStreamer.cpp */ = {isa = PBXFileReference; fileEncoding = 4; lastKnownFileType = sourcecode.cpp.cpp; name = sageBlockStreamer.cpp; path = ../src/sageBlockStreamer.cpp; sourceTree = SOURCE_ROOT; };
		B91F9389106970CE005603C8 /* sageBuf.cpp */ = {isa = PBXFileReference; fileEncoding = 4; lastKnownFileType = sourcecode.cpp.cpp; name = sageBuf.cpp; path = ../src/sageBuf.cpp; sourceTree = SOURCE_ROOT; };
		B91F938A106970CE005603C8 /* sageConfig.cpp */ = {isa = PBXFileReference; fileEncoding = 4; lastKnownFileType = sourcecode.cpp.cpp; name = sageConfig.cpp; path = ../src/sageConfig.cpp; sourceTree = SOURCE_ROOT; };
		B91F938B106970CE005603C8 /* sageDoubleBuf.cpp */ = {isa = PBXFileReference; fileEncoding = 4; lastKnownFileType = sourcecode.cpp.cpp; name = sageDoubleBuf.cpp; path = ../src/sageDoubleBuf.cpp; sourceTree = SOURCE_ROOT; };
		B91F938C106970CE005603C8 /* sageFrame.cpp */ = {isa = PBXFileReference; fileEncoding = 4; lastKnownFileType = sourcecode.cpp.cpp; name = sageFrame.cpp; path = ../src/sageFrame.cpp; sourceTree = SOURCE_ROOT; };
		B91F938D106970CE005603C8 /* sageMessage.cpp */ = {isa = PBXFileReference; fileEncoding = 4; lastKnownFileType = sourcecode.cpp.cpp; name = sageMessage.cpp; path = ../src/sageMessage.cpp; sourceTree = SOURCE_ROOT; };
		B91F938E106970CE005603C8 /* sageRect.cpp */ = {isa = PBXFileReference; fileEncoding = 4; lastKnownFileType = sourcecode.cpp.cpp; name = sageRect.cpp; path = ../src/sageRect.cpp; sourceTree = SOURCE_ROOT; };
		B91F938F106970CE005603C8 /* sageStreamer.cpp */ = {isa = PBXFileReference; fileEncoding = 4; lastKnownFileType = sourcecode.cpp.cpp; name = sageStreamer.cpp; path = ../src/sageStreamer.cpp; sourceTree = SOURCE_ROOT; };
		B91F9390106970CE005603C8 /* sageSync.cpp */ = {isa = PBXFileReference; fileEncoding = 4; lastKnownFileType = sourcecode.cpp.cpp; name = sageSync.cpp; path = ../src/sageSync.cpp; sourceTree = SOURCE_ROOT; };
		B91F9391106970CE005603C8 /* sageTcpModule.cpp */ = {isa = PBXFileReference; fileEncoding = 4; lastKnownFileType = sourcecode.cpp.cpp; name = sageTcpModule.cpp; path = ../src/sageTcpModule.cpp; sourceTree = SOURCE_ROOT; };
		B91F9392106970CE005603C8 /* sageUdpModule.cpp */ = {isa = PBXFileReference; fileEncoding = 4; lastKnownFileType = sourcecode.cpp.cpp; name = sageUdpModule.cpp; path = ../src/sageUdpModule.cpp; sourceTree = SOURCE_ROOT; };
		B91F9393106970CE005603C8 /* sail.cpp */ = {isa = PBXFileReference; fileEncoding = 4; lastKnownFileType = sourcecode.cpp.cpp; name = sail.cpp; path = ../src/sail.cpp; sourceTree = SOURCE_ROOT; };
		B91F9394106970CE005603C8 /* streamInfo.cpp */ = {isa = PBXFileReference; fileEncoding = 4; lastKnownFileType = sourcecode.cpp.cpp; name = streamInfo.cpp; path = ../src/streamInfo.cpp; sourceTree = SOURCE_ROOT; };
		B91F9395106970CE005603C8 /* streamProtocol.cpp */ = {isa = PBXFileReference; fileEncoding = 4; lastKnownFileType = sourcecode.cpp.cpp; name = streamProtocol.cpp; path = ../src/streamProtocol.cpp; sourceTree = SOURCE_ROOT; };
		D2F7E79907B2D74100F64583 /* CoreData.framework */ = {isa = PBXFileReference; lastKnownFileType = wrapper.framework; name = CoreData.framework; path = /System/Library/Frameworks/CoreData.framework; sourceTree = "<absolute>"; };
/* End PBXFileReference section */

/* Begin PBXFrameworksBuildPhase section */
		8DC2EF560486A6940098B216 /* Frameworks */ = {
			isa = PBXFrameworksBuildPhase;
			buildActionMask = 2147483647;
			files = (
				8DC2EF570486A6940098B216 /* Cocoa.framework in Frameworks */,
				B91F90BE10695F04005603C8 /* AGL.framework in Frameworks */,
				B91F90C010695F04005603C8 /* ApplicationServices.framework in Frameworks */,
				B91F90C210695F04005603C8 /* AudioToolbox.framework in Frameworks */,
				B91F90C410695F04005603C8 /* AudioUnit.framework in Frameworks */,
				B91F90C610695F04005603C8 /* Carbon.framework in Frameworks */,
				B91F90C810695F04005603C8 /* IOKit.framework in Frameworks */,
				B91F90CA10695F04005603C8 /* OpenGL.framework in Frameworks */,
				B91F90CC10695F04005603C8 /* QuartzCore.framework in Frameworks */,
				B91F90CE10695F04005603C8 /* QuickTime.framework in Frameworks */,
				B91F931210696E49005603C8 /* libGLEW.a in Frameworks */,
				B91F931310696E49005603C8 /* libSDL.a in Frameworks */,
				B91F931410696E49005603C8 /* libSDL_ttf.a in Frameworks */,
				B91F931510696E49005603C8 /* libSDLmain.a in Frameworks */,
			);
			runOnlyForDeploymentPostprocessing = 0;
		};
/* End PBXFrameworksBuildPhase section */

/* Begin PBXGroup section */
		034768DFFF38A50411DB9C8B /* Products */ = {
			isa = PBXGroup;
			children = (
				8DC2EF5B0486A6940098B216 /* SAGE.framework */,
			);
			name = Products;
			sourceTree = "<group>";
		};
		0867D691FE84028FC02AAC07 /* SAGE */ = {
			isa = PBXGroup;
			children = (
				B91F92BC10696D6C005603C8 /* Required */,
				B91F8CD21069515F005603C8 /* Source */,
				32C88DFF0371C24200C91783 /* Other Sources */,
				089C1665FE841158C02AAC07 /* Resources */,
				0867D69AFE84028FC02AAC07 /* External Frameworks and Libraries */,
				034768DFFF38A50411DB9C8B /* Products */,
			);
			name = SAGE;
			sourceTree = "<group>";
		};
		0867D69AFE84028FC02AAC07 /* External Frameworks and Libraries */ = {
			isa = PBXGroup;
			children = (
				B91F8E00106958F2005603C8 /* Linked libraries */,
				1058C7B0FEA5585E11CA2CBB /* Linked Frameworks */,
				1058C7B2FEA5585E11CA2CBB /* Other Frameworks */,
			);
			name = "External Frameworks and Libraries";
			sourceTree = "<group>";
		};
		089C1665FE841158C02AAC07 /* Resources */ = {
			isa = PBXGroup;
			children = (
				8DC2EF5A0486A6940098B216 /* Info.plist */,
				089C1666FE841158C02AAC07 /* InfoPlist.strings */,
			);
			name = Resources;
			sourceTree = "<group>";
		};
		1058C7B0FEA5585E11CA2CBB /* Linked Frameworks */ = {
			isa = PBXGroup;
			children = (
				1058C7B1FEA5585E11CA2CBB /* Cocoa.framework */,
				B91F90BD10695F04005603C8 /* AGL.framework */,
				B91F90BF10695F04005603C8 /* ApplicationServices.framework */,
				B91F90C110695F04005603C8 /* AudioToolbox.framework */,
				B91F90C310695F04005603C8 /* AudioUnit.framework */,
				B91F90C510695F04005603C8 /* Carbon.framework */,
				B91F90C710695F04005603C8 /* IOKit.framework */,
				B91F90C910695F04005603C8 /* OpenGL.framework */,
				B91F90CB10695F04005603C8 /* QuartzCore.framework */,
				B91F90CD10695F04005603C8 /* QuickTime.framework */,
			);
			name = "Linked Frameworks";
			sourceTree = "<group>";
		};
		1058C7B2FEA5585E11CA2CBB /* Other Frameworks */ = {
			isa = PBXGroup;
			children = (
				0867D6A5FE840307C02AAC07 /* AppKit.framework */,
				D2F7E79907B2D74100F64583 /* CoreData.framework */,
				0867D69BFE84028FC02AAC07 /* Foundation.framework */,
			);
			name = "Other Frameworks";
			sourceTree = "<group>";
		};
		32C88DFF0371C24200C91783 /* Other Sources */ = {
			isa = PBXGroup;
			children = (
				32DBCF5E0370ADEE00C91783 /* SAGE_Prefix.pch */,
			);
			name = "Other Sources";
			sourceTree = "<group>";
		};
		B91F8CD21069515F005603C8 /* Source */ = {
			isa = PBXGroup;
			children = (
				B91F92BB10696D4B005603C8 /* SAGE */,
				B91F8DAC106953B2005603C8 /* QUANTA */,
			);
			name = Source;
			sourceTree = "<group>";
		};
		B91F8D161069533C005603C8 /* src */ = {
			isa = PBXGroup;
			children = (
				B91F9382106970CE005603C8 /* envInterface.cpp */,
				B91F9383106970CE005603C8 /* fsClient.cpp */,
				B91F9384106970CE005603C8 /* misc.cpp */,
				B91F9385106970CE005603C8 /* sageBlock.cpp */,
				B91F9386106970CE005603C8 /* sageBlockPartition.cpp */,
				B91F9387106970CE005603C8 /* sageBlockPool.cpp */,
				B91F9388106970CE005603C8 /* sageBlockStreamer.cpp */,
				B91F9389106970CE005603C8 /* sageBuf.cpp */,
				B91F938A106970CE005603C8 /* sageConfig.cpp */,
				B91F938B106970CE005603C8 /* sageDoubleBuf.cpp */,
				B91F938C106970CE005603C8 /* sageFrame.cpp */,
				B91F938D106970CE005603C8 /* sageMessage.cpp */,
				B91F938E106970CE005603C8 /* sageRect.cpp */,
				B91F938F106970CE005603C8 /* sageStreamer.cpp */,
				B91F9390106970CE005603C8 /* sageSync.cpp */,
				B91F9391106970CE005603C8 /* sageTcpModule.cpp */,
				B91F9392106970CE005603C8 /* sageUdpModule.cpp */,
				B91F9393106970CE005603C8 /* sail.cpp */,
				B91F9394106970CE005603C8 /* streamInfo.cpp */,
				B91F9395106970CE005603C8 /* streamProtocol.cpp */,
			);
			name = src;
			sourceTree = "<group>";
		};
		B91F8D1710695351005603C8 /* include */ = {
			isa = PBXGroup;
			children = (
				B91F935410697077005603C8 /* envInterface.h */,
				B91F935510697077005603C8 /* fsClient.h */,
				B91F935610697077005603C8 /* misc.h */,
				B91F935710697077005603C8 /* sageBase.h */,
				B91F935810697077005603C8 /* sageBlock.h */,
				B91F935910697077005603C8 /* sageBlockPartition.h */,
				B91F935A10697077005603C8 /* sageBlockPool.h */,
				B91F935B10697077005603C8 /* sageBuf.h */,
				B91F935C10697077005603C8 /* sageConfig.h */,
				B91F935D10697077005603C8 /* sageDoubleBuf.h */,
				B91F935E10697077005603C8 /* sageFrame.h */,
				B91F935F10697077005603C8 /* sageRect.h */,
				B91F936010697077005603C8 /* sageStreamer.h */,
				B91F936110697077005603C8 /* sageSync.h */,
				B91F936210697077005603C8 /* sageTcpModule.h */,
				B91F936310697077005603C8 /* sageUdpModule.h */,
				B91F936410697077005603C8 /* sail.h */,
				B91F936510697077005603C8 /* streamInfo.h */,
				B91F936610697077005603C8 /* streamProtocol.h */,
			);
			name = include;
			sourceTree = "<group>";
		};
		B91F8DAC106953B2005603C8 /* QUANTA */ = {
			isa = PBXGroup;
			children = (
				B91F932E1069700E005603C8 /* include */,
				B91F93371069700E005603C8 /* src */,
			);
			name = QUANTA;
			sourceTree = "<group>";
		};
		B91F8E00106958F2005603C8 /* Linked libraries */ = {
			isa = PBXGroup;
			children = (
				B91F92E610696DEE005603C8 /* libGLEW.a */,
				B91F92E710696DEE005603C8 /* libSDL.a */,
				B91F92E810696DEE005603C8 /* libSDL_ttf.a */,
				B91F92E910696DEE005603C8 /* libSDLmain.a */,
			);
			name = "Linked libraries";
			sourceTree = "<group>";
		};
		B91F92BB10696D4B005603C8 /* SAGE */ = {
			isa = PBXGroup;
			children = (
				B91F8D1710695351005603C8 /* include */,
				B91F8D161069533C005603C8 /* src */,
			);
			name = SAGE;
			sourceTree = "<group>";
		};
		B91F92BC10696D6C005603C8 /* Required */ = {
			isa = PBXGroup;
			children = (
				B91F92BE10696DEE005603C8 /* include */,
			);
			name = Required;
			sourceTree = "<group>";
		};
		B91F92BE10696DEE005603C8 /* include */ = {
			isa = PBXGroup;
			children = (
				B91F92BF10696DEE005603C8 /* GL */,
				B91F92C310696DEE005603C8 /* SDL */,
			);
			name = include;
			path = required/include;
			sourceTree = "<group>";
		};
		B91F92BF10696DEE005603C8 /* GL */ = {
			isa = PBXGroup;
			children = (
				B91F92C010696DEE005603C8 /* glew.h */,
				B91F92C110696DEE005603C8 /* glxew.h */,
				B91F92C210696DEE005603C8 /* wglew.h */,
			);
			path = GL;
			sourceTree = "<group>";
		};
		B91F92C310696DEE005603C8 /* SDL */ = {
			isa = PBXGroup;
			children = (
				B91F92C410696DEE005603C8 /* begin_code.h */,
				B91F92C510696DEE005603C8 /* close_code.h */,
				B91F92C610696DEE005603C8 /* SDL.h */,
				B91F92C710696DEE005603C8 /* SDL_active.h */,
				B91F92C810696DEE005603C8 /* SDL_audio.h */,
				B91F92C910696DEE005603C8 /* SDL_byteorder.h */,
				B91F92CA10696DEE005603C8 /* SDL_cdrom.h */,
				B91F92CB10696DEE005603C8 /* SDL_config.h */,
				B91F92CC10696DEE005603C8 /* SDL_cpuinfo.h */,
				B91F92CD10696DEE005603C8 /* SDL_endian.h */,
				B91F92CE10696DEE005603C8 /* SDL_error.h */,
				B91F92CF10696DEE005603C8 /* SDL_events.h */,
				B91F92D010696DEE005603C8 /* SDL_getenv.h */,
				B91F92D110696DEE005603C8 /* SDL_joystick.h */,
				B91F92D210696DEE005603C8 /* SDL_keyboard.h */,
				B91F92D310696DEE005603C8 /* SDL_keysym.h */,
				B91F92D410696DEE005603C8 /* SDL_loadso.h */,
				B91F92D510696DEE005603C8 /* SDL_main.h */,
				B91F92D610696DEE005603C8 /* SDL_mouse.h */,
				B91F92D710696DEE005603C8 /* SDL_mutex.h */,
				B91F92D810696DEE005603C8 /* SDL_name.h */,
				B91F92D910696DEE005603C8 /* SDL_opengl.h */,
				B91F92DA10696DEE005603C8 /* SDL_platform.h */,
				B91F92DB10696DEE005603C8 /* SDL_quit.h */,
				B91F92DC10696DEE005603C8 /* SDL_rwops.h */,
				B91F92DD10696DEE005603C8 /* SDL_stdinc.h */,
				B91F92DE10696DEE005603C8 /* SDL_syswm.h */,
				B91F92DF10696DEE005603C8 /* SDL_thread.h */,
				B91F92E010696DEE005603C8 /* SDL_timer.h */,
				B91F92E110696DEE005603C8 /* SDL_ttf.h */,
				B91F92E210696DEE005603C8 /* SDL_types.h */,
				B91F92E310696DEE005603C8 /* SDL_version.h */,
				B91F92E410696DEE005603C8 /* SDL_video.h */,
			);
			path = SDL;
			sourceTree = "<group>";
		};
		B91F932E1069700E005603C8 /* include */ = {
			isa = PBXGroup;
			children = (
				B91F932F1069700E005603C8 /* QUANTAglobals.hxx */,
				B91F93301069700E005603C8 /* QUANTAnet_datapack_c.hxx */,
				B91F93311069700E005603C8 /* QUANTAnet_iovec_c.hxx */,
				B91F93321069700E005603C8 /* QUANTAnet_perfClient_c.hxx */,
				B91F93331069700E005603C8 /* QUANTAnet_perfDaemon_c.hxx */,
				B91F93341069700E005603C8 /* QUANTAnet_perfMonitor_c.hxx */,
				B91F93351069700E005603C8 /* QUANTAnet_socketbase_c.hxx */,
				B91F93361069700E005603C8 /* QUANTAnet_tcp_c.hxx */,
			);
			name = include;
			path = ../QUANTA/include;
			sourceTree = SOURCE_ROOT;
		};
		B91F93371069700E005603C8 /* src */ = {
			isa = PBXGroup;
			children = (
				B91F93391069700E005603C8 /* QUANTAglobals.cxx */,
				B91F933A1069700E005603C8 /* QUANTAnet_datapack_c.cxx */,
				B91F933B1069700E005603C8 /* QUANTAnet_iovec_c.cxx */,
				B91F933C1069700E005603C8 /* QUANTAnet_perfClient_c.cxx */,
				B91F933D1069700E005603C8 /* QUANTAnet_perfDaemon_c.cxx */,
				B91F933E1069700E005603C8 /* QUANTAnet_perfMonitor_c.cxx */,
				B91F933F1069700E005603C8 /* QUANTAnet_socketbase_c.cxx */,
				B91F93401069700E005603C8 /* QUANTAnet_tcp_c.cxx */,
			);
			name = src;
			path = ../QUANTA/src;
			sourceTree = SOURCE_ROOT;
		};
/* End PBXGroup section */

/* Begin PBXHeadersBuildPhase section */
		8DC2EF500486A6940098B216 /* Headers */ = {
			isa = PBXHeadersBuildPhase;
			buildActionMask = 2147483647;
			files = (
				B91F936B10697077005603C8 /* envInterface.h in Headers */,
				B91F936C10697077005603C8 /* fsClient.h in Headers */,
				B91F936D10697077005603C8 /* misc.h in Headers */,
				B91F936E10697077005603C8 /* sageBase.h in Headers */,
				B91F936F10697077005603C8 /* sageBlock.h in Headers */,
				B91F937010697077005603C8 /* sageBlockPartition.h in Headers */,
				B91F937110697077005603C8 /* sageBlockPool.h in Headers */,
				B91F937210697077005603C8 /* sageBuf.h in Headers */,
				B91F937310697077005603C8 /* sageConfig.h in Headers */,
				B91F937410697077005603C8 /* sageDoubleBuf.h in Headers */,
				B91F937510697077005603C8 /* sageFrame.h in Headers */,
				B91F937610697077005603C8 /* sageRect.h in Headers */,
				B91F937710697077005603C8 /* sageStreamer.h in Headers */,
				B91F937810697077005603C8 /* sageSync.h in Headers */,
				B91F937910697077005603C8 /* sageTcpModule.h in Headers */,
				B91F937A10697077005603C8 /* sageUdpModule.h in Headers */,
				B91F937B10697077005603C8 /* sail.h in Headers */,
				B91F937C10697077005603C8 /* streamInfo.h in Headers */,
				B91F937D10697077005603C8 /* streamProtocol.h in Headers */,
			);
			runOnlyForDeploymentPostprocessing = 0;
		};
/* End PBXHeadersBuildPhase section */

/* Begin PBXNativeTarget section */
		8DC2EF4F0486A6940098B216 /* SAGE */ = {
			isa = PBXNativeTarget;
			buildConfigurationList = 1DEB91AD08733DA50010E9CD /* Build configuration list for PBXNativeTarget "SAGE" */;
			buildPhases = (
				8DC2EF500486A6940098B216 /* Headers */,
				8DC2EF520486A6940098B216 /* Resources */,
				8DC2EF540486A6940098B216 /* Sources */,
				8DC2EF560486A6940098B216 /* Frameworks */,
			);
			buildRules = (
			);
			dependencies = (
			);
			name = SAGE;
			productInstallPath = "$(HOME)/Library/Frameworks";
			productName = SAGE;
			productReference = 8DC2EF5B0486A6940098B216 /* SAGE.framework */;
			productType = "com.apple.product-type.framework";
		};
/* End PBXNativeTarget section */

/* Begin PBXProject section */
		0867D690FE84028FC02AAC07 /* Project object */ = {
			isa = PBXProject;
			attributes = {
				ORGANIZATIONNAME = "Electronic Visualization Laboratory, University of Illinois at Chicago";
			};
			buildConfigurationList = 1DEB91B108733DA50010E9CD /* Build configuration list for PBXProject "SAGE" */;
			compatibilityVersion = "Xcode 3.2";
			hasScannedForEncodings = 1;
			mainGroup = 0867D691FE84028FC02AAC07 /* SAGE */;
			productRefGroup = 034768DFFF38A50411DB9C8B /* Products */;
			projectDirPath = "";
			projectRoot = "";
			targets = (
				8DC2EF4F0486A6940098B216 /* SAGE */,
			);
		};
/* End PBXProject section */

/* Begin PBXResourcesBuildPhase section */
		8DC2EF520486A6940098B216 /* Resources */ = {
			isa = PBXResourcesBuildPhase;
			buildActionMask = 2147483647;
			files = (
				8DC2EF530486A6940098B216 /* InfoPlist.strings in Resources */,
			);
			runOnlyForDeploymentPostprocessing = 0;
		};
/* End PBXResourcesBuildPhase section */

/* Begin PBXSourcesBuildPhase section */
		8DC2EF540486A6940098B216 /* Sources */ = {
			isa = PBXSourcesBuildPhase;
			buildActionMask = 2147483647;
			files = (
				B91F934A1069700E005603C8 /* QUANTAglobals.cxx in Sources */,
				B91F934B1069700E005603C8 /* QUANTAnet_datapack_c.cxx in Sources */,
				B91F934C1069700E005603C8 /* QUANTAnet_iovec_c.cxx in Sources */,
				B91F934D1069700E005603C8 /* QUANTAnet_perfClient_c.cxx in Sources */,
				B91F934E1069700E005603C8 /* QUANTAnet_perfDaemon_c.cxx in Sources */,
				B91F934F1069700E005603C8 /* QUANTAnet_perfMonitor_c.cxx in Sources */,
				B91F93501069700E005603C8 /* QUANTAnet_socketbase_c.cxx in Sources */,
				B91F93511069700E005603C8 /* QUANTAnet_tcp_c.cxx in Sources */,
				B91F939C106970CE005603C8 /* envInterface.cpp in Sources */,
				B91F939D106970CE005603C8 /* fsClient.cpp in Sources */,
				B91F939E106970CE005603C8 /* misc.cpp in Sources */,
				B91F939F106970CE005603C8 /* sageBlock.cpp in Sources */,
				B91F93A0106970CE005603C8 /* sageBlockPartition.cpp in Sources */,
				B91F93A1106970CE005603C8 /* sageBlockPool.cpp in Sources */,
				B91F93A2106970CE005603C8 /* sageBlockStreamer.cpp in Sources */,
				B91F93A3106970CE005603C8 /* sageBuf.cpp in Sources */,
				B91F93A4106970CE005603C8 /* sageConfig.cpp in Sources */,
				B91F93A5106970CE005603C8 /* sageDoubleBuf.cpp in Sources */,
				B91F93A6106970CE005603C8 /* sageFrame.cpp in Sources */,
				B91F93A7106970CE005603C8 /* sageMessage.cpp in Sources */,
				B91F93A8106970CE005603C8 /* sageRect.cpp in Sources */,
				B91F93A9106970CE005603C8 /* sageStreamer.cpp in Sources */,
				B91F93AA106970CE005603C8 /* sageSync.cpp in Sources */,
				B91F93AB106970CE005603C8 /* sageTcpModule.cpp in Sources */,
				B91F93AC106970CE005603C8 /* sageUdpModule.cpp in Sources */,
				B91F93AD106970CE005603C8 /* sail.cpp in Sources */,
				B91F93AE106970CE005603C8 /* streamInfo.cpp in Sources */,
				B91F93AF106970CE005603C8 /* streamProtocol.cpp in Sources */,
			);
			runOnlyForDeploymentPostprocessing = 0;
		};
/* End PBXSourcesBuildPhase section */

/* Begin PBXVariantGroup section */
		089C1666FE841158C02AAC07 /* InfoPlist.strings */ = {
			isa = PBXVariantGroup;
			children = (
				089C1667FE841158C02AAC07 /* English */,
			);
			name = InfoPlist.strings;
			sourceTree = "<group>";
		};
/* End PBXVariantGroup section */

/* Begin XCBuildConfiguration section */
		1DEB91AE08733DA50010E9CD /* Debug */ = {
			isa = XCBuildConfiguration;
			buildSettings = {
				ALWAYS_SEARCH_USER_PATHS = NO;
				COPY_PHASE_STRIP = NO;
				DYLIB_COMPATIBILITY_VERSION = 1;
				DYLIB_CURRENT_VERSION = 1;
				FRAMEWORK_VERSION = A;
				GCC_DYNAMIC_NO_PIC = NO;
				GCC_ENABLE_FIX_AND_CONTINUE = YES;
				GCC_MODEL_TUNING = G5;
				GCC_OPTIMIZATION_LEVEL = 0;
				GCC_PRECOMPILE_PREFIX_HEADER = YES;
				GCC_PREFIX_HEADER = SAGE_Prefix.pch;
				INFOPLIST_FILE = Info.plist;
				INSTALL_PATH = "@loader_path/../Frameworks/";
				LIBRARY_SEARCH_PATHS = (
					"$(inherited)",
					"\"$(SRCROOT)/../../QUANTA/src\"",
					"\"$(SRCROOT)/../../../../local.hackintosh/lib\"",
					"\"$(SRCROOT)/required/lib\"",
				);
				PRODUCT_NAME = SAGE;
				WRAPPER_EXTENSION = framework;
			};
			name = Debug;
		};
		1DEB91AF08733DA50010E9CD /* Release */ = {
			isa = XCBuildConfiguration;
			buildSettings = {
				ALWAYS_SEARCH_USER_PATHS = NO;
				DEBUG_INFORMATION_FORMAT = "dwarf-with-dsym";
				DYLIB_COMPATIBILITY_VERSION = 1;
				DYLIB_CURRENT_VERSION = 1;
				FRAMEWORK_VERSION = A;
				GCC_MODEL_TUNING = G5;
				GCC_PRECOMPILE_PREFIX_HEADER = YES;
				GCC_PREFIX_HEADER = SAGE_Prefix.pch;
				INFOPLIST_FILE = Info.plist;
				INSTALL_PATH = "@loader_path/../Frameworks/";
				LIBRARY_SEARCH_PATHS = (
					"$(inherited)",
					"\"$(SRCROOT)/../../QUANTA/src\"",
					"\"$(SRCROOT)/../../../../local.hackintosh/lib\"",
					"\"$(SRCROOT)/required/lib\"",
				);
				PRODUCT_NAME = SAGE;
				WRAPPER_EXTENSION = framework;
			};
			name = Release;
		};
		1DEB91B208733DA50010E9CD /* Debug */ = {
			isa = XCBuildConfiguration;
			buildSettings = {
				ARCHS = "$(ARCHS_STANDARD_32_64_BIT)";
				GCC_C_LANGUAGE_STANDARD = gnu99;
				GCC_OPTIMIZATION_LEVEL = 0;
				GCC_WARN_ABOUT_RETURN_TYPE = YES;
				GCC_WARN_UNUSED_VARIABLE = YES;
				HEADER_SEARCH_PATHS = "\"$(SRCROOT)/required/include\"";
				INSTALL_PATH = "";
				LIBRARY_SEARCH_PATHS = "";
				ONLY_ACTIVE_ARCH = YES;
				OTHER_CPLUSPLUSFLAGS = (
					"$(OTHER_CFLAGS)",
					"-fPIC",
					"-DREFRESH_BARRIER",
					"-Wno-deprecated",
					"-DGLSL_YUV",
				);
				OTHER_LDFLAGS = "";
				PREBINDING = NO;
				SDKROOT = macosx10.5;
				USER_HEADER_SEARCH_PATHS = "";
			};
			name = Debug;
		};
		1DEB91B308733DA50010E9CD /* Release */ = {
			isa = XCBuildConfiguration;
			buildSettings = {
				ARCHS = "$(ARCHS_STANDARD_32_64_BIT)";
				GCC_C_LANGUAGE_STANDARD = gnu99;
				GCC_WARN_ABOUT_RETURN_TYPE = YES;
				GCC_WARN_UNUSED_VARIABLE = YES;
				HEADER_SEARCH_PATHS = "\"$(SRCROOT)/required/include\"";
				INSTALL_PATH = "";
				LIBRARY_SEARCH_PATHS = "";
				OTHER_CPLUSPLUSFLAGS = (
					"$(OTHER_CFLAGS)",
					"-fPIC",
					"-DREFRESH_BARRIER",
					"-Wno-deprecated",
					"-DGLSL_YUV",
				);
				OTHER_LDFLAGS = "";
				PREBINDING = NO;
				SDKROOT = macosx10.5;
				USER_HEADER_SEARCH_PATHS = "";
			};
			name = Release;
		};
/* End XCBuildConfiguration section */

/* Begin XCConfigurationList section */
		1DEB91AD08733DA50010E9CD /* Build configuration list for PBXNativeTarget "SAGE" */ = {
			isa = XCConfigurationList;
			buildConfigurations = (
				1DEB91AE08733DA50010E9CD /* Debug */,
				1DEB91AF08733DA50010E9CD /* Release */,
			);
			defaultConfigurationIsVisible = 0;
			defaultConfigurationName = Release;
		};
		1DEB91B108733DA50010E9CD /* Build configuration list for PBXProject "SAGE" */ = {
			isa = XCConfigurationList;
			buildConfigurations = (
				1DEB91B208733DA50010E9CD /* Debug */,
				1DEB91B308733DA50010E9CD /* Release */,
			);
			defaultConfigurationIsVisible = 0;
			defaultConfigurationName = Release;
		};
/* End XCConfigurationList section */
	};
	rootObject = 0867D690FE84028FC02AAC07 /* Project object */;
}
